
Microsoft Visual Studio Solution File, Format Version 12.00
# Visual Studio Version 17
VisualStudioVersion = 17.7.34031.279
MinimumVisualStudioVersion = 10.0.40219.1
Project("{FAE04EC0-301F-11D3-BF4B-00C04F79EFBC}") = "Slio", "Slio\Slio.csproj", "{A649A713-03FE-421A-898A-358299B6A955}"
EndProject
Project("{FAE04EC0-301F-11D3-BF4B-00C04F79EFBC}") = "Client", "Client\Client.csproj", "{75D21B40-0413-483E-ACFF-66F303FC1E25}"
EndProject
Project("{FAE04EC0-301F-11D3-BF4B-00C04F79EFBC}") = "GrainInterfaces", "GrainInterfaces\GrainInterfaces.csproj", "{8137256B-FABE-4507-8A9C-8D4D66EDDF30}"
EndProject
Project("{FAE04EC0-301F-11D3-BF4B-00C04F79EFBC}") = "Grains", "Grains\Grains.csproj", "{BDCC638A-3202-42CC-B968-8B64224D990C}"
EndProject
Global
	GlobalSection(SolutionConfigurationPlatforms) = preSolution
		Debug|Any CPU = Debug|Any CPU
		Release|Any CPU = Release|Any CPU
	EndGlobalSection
	GlobalSection(ProjectConfigurationPlatforms) = postSolution
		{A649A713-03FE-421A-898A-358299B6A955}.Debug|Any CPU.ActiveCfg = Debug|Any CPU
		{A649A713-03FE-421A-898A-358299B6A955}.Debug|Any CPU.Build.0 = Debug|Any CPU
		{A649A713-03FE-421A-898A-358299B6A955}.Release|Any CPU.ActiveCfg = Release|Any CPU
		{A649A713-03FE-421A-898A-358299B6A955}.Release|Any CPU.Build.0 = Release|Any CPU
		{75D21B40-0413-483E-ACFF-66F303FC1E25}.Debug|Any CPU.ActiveCfg = Debug|Any CPU
		{75D21B40-0413-483E-ACFF-66F303FC1E25}.Debug|Any CPU.Build.0 = Debug|Any CPU
		{75D21B40-0413-483E-ACFF-66F303FC1E25}.Release|Any CPU.ActiveCfg = Release|Any CPU
		{75D21B40-0413-483E-ACFF-66F303FC1E25}.Release|Any CPU.Build.0 = Release|Any CPU
		{8137256B-FABE-4507-8A9C-8D4D66EDDF30}.Debug|Any CPU.ActiveCfg = Debug|Any CPU
		{8137256B-FABE-4507-8A9C-8D4D66EDDF30}.Debug|Any CPU.Build.0 = Debug|Any CPU
		{8137256B-FABE-4507-8A9C-8D4D66EDDF30}.Release|Any CPU.ActiveCfg = Release|Any CPU
		{8137256B-FABE-4507-8A9C-8D4D66EDDF30}.Release|Any CPU.Build.0 = Release|Any CPU
		{BDCC638A-3202-42CC-B968-8B64224D990C}.Debug|Any CPU.ActiveCfg = Debug|Any CPU
		{BDCC638A-3202-42CC-B968-8B64224D990C}.Debug|Any CPU.Build.0 = Debug|Any CPU
		{BDCC638A-3202-42CC-B968-8B64224D990C}.Release|Any CPU.ActiveCfg = Release|Any CPU
		{BDCC638A-3202-42CC-B968-8B64224D990C}.Release|Any CPU.Build.0 = Release|Any CPU
	EndGlobalSection
	GlobalSection(SolutionProperties) = preSolution
		HideSolutionNode = FALSE
	EndGlobalSection
	GlobalSection(ExtensibilityGlobals) = postSolution
		SolutionGuid = {7983FA49-459B-4B6A-B8EB-FAED567EBDF9}
	EndGlobalSection
EndGlobal
